{
    "name": "puppy",
    "version": "0.1.0",
    "lockfileVersion": 2,
    "requires": true,
    "packages": {
        "": {
            "name": "puppy",
            "version": "0.1.0",
            "license": "CC0-1.0",
            "dependencies": {
                "commander": "^6.2.1",
                "enquirer": "^2.3.6",
                "git-promise": "^1.0.0"
            }
        },
        "node_modules/ansi-colors": {
            "version": "4.1.1",
            "resolved": "https://registry.npmjs.org/ansi-colors/-/ansi-colors-4.1.1.tgz",
            "integrity": "sha512-JoX0apGbHaUJBNl6yF+p6JAFYZ666/hhCGKN5t9QFjbJQKUU/g8MNbFDbvfrgKXvI1QpZplPOnwIo99lX/AAmA==",
            "engines": {
                "node": ">=6"
            }
        },
        "node_modules/commander": {
            "version": "6.2.1",
            "resolved": "https://registry.npmjs.org/commander/-/commander-6.2.1.tgz",
            "integrity": "sha512-U7VdrJFnJgo4xjrHpTzu0yrHPGImdsmD95ZlgYSEajAn2JKzDhDTPG9kBTefmObL2w/ngeZnilk+OV9CG3d7UA==",
            "engines": {
                "node": ">= 6"
            }
        },
        "node_modules/enquirer": {
            "version": "2.3.6",
            "resolved": "https://registry.npmjs.org/enquirer/-/enquirer-2.3.6.tgz",
            "integrity": "sha512-yjNnPr315/FjS4zIsUxYguYUPP2e1NK4d7E7ZOLiyYCcbFBiTMyID+2wvm2w6+pZ/odMA7cRkjhsPbltwBOrLg==",
            "dependencies": {
                "ansi-colors": "^4.1.1"
            },
            "engines": {
                "node": ">=8.6"
            }
        },
        "node_modules/git-promise": {
            "version": "1.0.0",
            "resolved": "https://registry.npmjs.org/git-promise/-/git-promise-1.0.0.tgz",
            "integrity": "sha512-GAhWltNB3/sf/48MwE7MbObDM2tDls9YIvVlUmga3gyqSMZG3wHEMhGSQB6genvmnbbHMxCkpVVl5YP6qGQn3w==",
            "engines": {
                "node": ">=10.0"
            }
        }
    },
    "dependencies": {
        "ansi-colors": {
            "version": "4.1.1",
            "resolved": "https://registry.npmjs.org/ansi-colors/-/ansi-colors-4.1.1.tgz",
            "integrity": "sha512-JoX0apGbHaUJBNl6yF+p6JAFYZ666/hhCGKN5t9QFjbJQKUU/g8MNbFDbvfrgKXvI1QpZplPOnwIo99lX/AAmA=="
        },
        "commander": {
            "version": "6.2.1",
            "resolved": "https://registry.npmjs.org/commander/-/commander-6.2.1.tgz",
            "integrity": "sha512-U7VdrJFnJgo4xjrHpTzu0yrHPGImdsmD95ZlgYSEajAn2JKzDhDTPG9kBTefmObL2w/ngeZnilk+OV9CG3d7UA=="
        },
        "enquirer": {
            "version": "2.3.6",
            "resolved": "https://registry.npmjs.org/enquirer/-/enquirer-2.3.6.tgz",
            "integrity": "sha512-yjNnPr315/FjS4zIsUxYguYUPP2e1NK4d7E7ZOLiyYCcbFBiTMyID+2wvm2w6+pZ/odMA7cRkjhsPbltwBOrLg==",
            "requires": {
                "ansi-colors": "^4.1.1"
            }
        },
        "git-promise": {
            "version": "1.0.0",
            "resolved": "https://registry.npmjs.org/git-promise/-/git-promise-1.0.0.tgz",
            "integrity": "sha512-GAhWltNB3/sf/48MwE7MbObDM2tDls9YIvVlUmga3gyqSMZG3wHEMhGSQB6genvmnbbHMxCkpVVl5YP6qGQn3w=="
        }
    }
}
